
Microsoft Visual Studio Solution File, Format Version 12.00
# Visual Studio Version 16
VisualStudioVersion = 16.0.30114.105
MinimumVisualStudioVersion = 10.0.40219.1
Project("{FAE04EC0-301F-11D3-BF4B-00C04F79EFBC}") = "WebCrawler", "WebCrawler\WebCrawler.csproj", "{999429D7-8F67-429B-A71E-CED6B0790F28}"
EndProject
Global
	GlobalSection(SolutionConfigurationPlatforms) = preSolution
		Debug|Any CPU = Debug|Any CPU
		Release|Any CPU = Release|Any CPU
	EndGlobalSection
	GlobalSection(ProjectConfigurationPlatforms) = postSolution
		{999429D7-8F67-429B-A71E-CED6B0790F28}.Debug|Any CPU.ActiveCfg = Debug|Any CPU
		{999429D7-8F67-429B-A71E-CED6B0790F28}.Debug|Any CPU.Build.0 = Debug|Any CPU
		{999429D7-8F67-429B-A71E-CED6B0790F28}.Release|Any CPU.ActiveCfg = Release|Any CPU
		{999429D7-8F67-429B-A71E-CED6B0790F28}.Release|Any CPU.Build.0 = Release|Any CPU
	EndGlobalSection
	GlobalSection(SolutionProperties) = preSolution
		HideSolutionNode = FALSE
	EndGlobalSection
	GlobalSection(ExtensibilityGlobals) = postSolution
		SolutionGuid = {1C1FE06D-3B91-442C-90FB-AF74F0E7D55E}
	EndGlobalSection
EndGlobal
