
Microsoft Visual Studio Solution File, Format Version 12.00
# Visual Studio Version 16
VisualStudioVersion = 16.0.30114.105
MinimumVisualStudioVersion = 10.0.40219.1
Project("{9A19103F-16F7-4668-BE54-9A1E7A4F7556}") = "WebCrawler", "WebCrawler\WebCrawler.csproj", "{999429D7-8F67-429B-A71E-CED6B0790F28}"
EndProject
Project("{9A19103F-16F7-4668-BE54-9A1E7A4F7556}") = "WebCrawler.Domain", "WebCrawler.Domain\WebCrawler.Domain.csproj", "{21F687D6-B9E2-4A50-A15E-081498253BC8}"
EndProject
Project("{FAE04EC0-301F-11D3-BF4B-00C04F79EFBC}") = "WebCrawler.Data", "WebCrawler.Data\WebCrawler.Data.csproj", "{590E8332-D43C-43D0-A060-D02D3EE4EE8E}"
EndProject
Global
	GlobalSection(SolutionConfigurationPlatforms) = preSolution
		Debug|Any CPU = Debug|Any CPU
		Release|Any CPU = Release|Any CPU
	EndGlobalSection
	GlobalSection(ProjectConfigurationPlatforms) = postSolution
		{999429D7-8F67-429B-A71E-CED6B0790F28}.Debug|Any CPU.ActiveCfg = Debug|Any CPU
		{999429D7-8F67-429B-A71E-CED6B0790F28}.Debug|Any CPU.Build.0 = Debug|Any CPU
		{999429D7-8F67-429B-A71E-CED6B0790F28}.Release|Any CPU.ActiveCfg = Release|Any CPU
		{999429D7-8F67-429B-A71E-CED6B0790F28}.Release|Any CPU.Build.0 = Release|Any CPU
		{21F687D6-B9E2-4A50-A15E-081498253BC8}.Debug|Any CPU.ActiveCfg = Debug|Any CPU
		{21F687D6-B9E2-4A50-A15E-081498253BC8}.Debug|Any CPU.Build.0 = Debug|Any CPU
		{21F687D6-B9E2-4A50-A15E-081498253BC8}.Release|Any CPU.ActiveCfg = Release|Any CPU
		{21F687D6-B9E2-4A50-A15E-081498253BC8}.Release|Any CPU.Build.0 = Release|Any CPU
		{590E8332-D43C-43D0-A060-D02D3EE4EE8E}.Debug|Any CPU.ActiveCfg = Debug|Any CPU
		{590E8332-D43C-43D0-A060-D02D3EE4EE8E}.Debug|Any CPU.Build.0 = Debug|Any CPU
		{590E8332-D43C-43D0-A060-D02D3EE4EE8E}.Release|Any CPU.ActiveCfg = Release|Any CPU
		{590E8332-D43C-43D0-A060-D02D3EE4EE8E}.Release|Any CPU.Build.0 = Release|Any CPU
	EndGlobalSection
	GlobalSection(SolutionProperties) = preSolution
		HideSolutionNode = FALSE
	EndGlobalSection
	GlobalSection(ExtensibilityGlobals) = postSolution
		SolutionGuid = {1C1FE06D-3B91-442C-90FB-AF74F0E7D55E}
	EndGlobalSection
EndGlobal
